
Microsoft Visual Studio Solution File, Format Version 12.00
Project("{FAE04EC0-301F-11D3-BF4B-00C04F79EFBC}") = "tunerate-api", "tunerate-api.csproj", "{8B7F1E91-9F87-48FE-97E5-8BAB2607B6F0}"
EndProject
Global
	GlobalSection(SolutionConfigurationPlatforms) = preSolution
		Debug|Any CPU = Debug|Any CPU
		Release|Any CPU = Release|Any CPU
	EndGlobalSection
	GlobalSection(ProjectConfigurationPlatforms) = postSolution
		{8B7F1E91-9F87-48FE-97E5-8BAB2607B6F0}.Debug|Any CPU.ActiveCfg = Debug|Any CPU
		{8B7F1E91-9F87-48FE-97E5-8BAB2607B6F0}.Debug|Any CPU.Build.0 = Debug|Any CPU
		{8B7F1E91-9F87-48FE-97E5-8BAB2607B6F0}.Release|Any CPU.ActiveCfg = Release|Any CPU
		{8B7F1E91-9F87-48FE-97E5-8BAB2607B6F0}.Release|Any CPU.Build.0 = Release|Any CPU
	EndGlobalSection
EndGlobal
